
Microsoft Visual Studio Solution File, Format Version 12.00
# Visual Studio Version 17
VisualStudioVersion = 17.6.33815.320
MinimumVisualStudioVersion = 10.0.40219.1
Project("{9A19103F-16F7-4668-BE54-9A1E7A4F7556}") = "Snake", "Snake\Snake.csproj", "{ED33F1A1-5364-4A8C-AADA-31ED718789A8}"
EndProject
Project("{FAE04EC0-301F-11D3-BF4B-00C04F79EFBC}") = "TEST", "TEST\TEST.csproj", "{FFE7A483-2CAF-44DF-9042-94BFE1A379AF}"
EndProject
Global
	GlobalSection(SolutionConfigurationPlatforms) = preSolution
		Debug|Any CPU = Debug|Any CPU
		Release|Any CPU = Release|Any CPU
	EndGlobalSection
	GlobalSection(ProjectConfigurationPlatforms) = postSolution
		{ED33F1A1-5364-4A8C-AADA-31ED718789A8}.Debug|Any CPU.ActiveCfg = Debug|Any CPU
		{ED33F1A1-5364-4A8C-AADA-31ED718789A8}.Debug|Any CPU.Build.0 = Debug|Any CPU
		{ED33F1A1-5364-4A8C-AADA-31ED718789A8}.Release|Any CPU.ActiveCfg = Release|Any CPU
		{ED33F1A1-5364-4A8C-AADA-31ED718789A8}.Release|Any CPU.Build.0 = Release|Any CPU
		{FFE7A483-2CAF-44DF-9042-94BFE1A379AF}.Debug|Any CPU.ActiveCfg = Debug|Any CPU
		{FFE7A483-2CAF-44DF-9042-94BFE1A379AF}.Debug|Any CPU.Build.0 = Debug|Any CPU
		{FFE7A483-2CAF-44DF-9042-94BFE1A379AF}.Release|Any CPU.ActiveCfg = Release|Any CPU
		{FFE7A483-2CAF-44DF-9042-94BFE1A379AF}.Release|Any CPU.Build.0 = Release|Any CPU
	EndGlobalSection
	GlobalSection(SolutionProperties) = preSolution
		HideSolutionNode = FALSE
	EndGlobalSection
	GlobalSection(ExtensibilityGlobals) = postSolution
		SolutionGuid = {2C4E534E-586D-432C-8A9D-9339EA9433CF}
	EndGlobalSection
EndGlobal
